
Microsoft Visual Studio Solution File, Format Version 12.00
# Visual Studio Version 16
VisualStudioVersion = 16.0.30406.217
MinimumVisualStudioVersion = 10.0.40219.1
Project("{FAE04EC0-301F-11D3-BF4B-00C04F79EFBC}") = "Ass1-SBMS-LijianChen", "Ass1-SBMS-LijianChen\Ass1-SBMS-LijianChen.csproj", "{AB77CCB0-BD97-4B10-9324-9387CE187850}"
EndProject
Global
	GlobalSection(SolutionConfigurationPlatforms) = preSolution
		Debug|Any CPU = Debug|Any CPU
		Release|Any CPU = Release|Any CPU
	EndGlobalSection
	GlobalSection(ProjectConfigurationPlatforms) = postSolution
		{AB77CCB0-BD97-4B10-9324-9387CE187850}.Debug|Any CPU.ActiveCfg = Debug|Any CPU
		{AB77CCB0-BD97-4B10-9324-9387CE187850}.Debug|Any CPU.Build.0 = Debug|Any CPU
		{AB77CCB0-BD97-4B10-9324-9387CE187850}.Release|Any CPU.ActiveCfg = Release|Any CPU
		{AB77CCB0-BD97-4B10-9324-9387CE187850}.Release|Any CPU.Build.0 = Release|Any CPU
	EndGlobalSection
	GlobalSection(SolutionProperties) = preSolution
		HideSolutionNode = FALSE
	EndGlobalSection
	GlobalSection(ExtensibilityGlobals) = postSolution
		SolutionGuid = {BC7F0B85-0BDE-4F8F-BA0F-0020FD9C7B39}
	EndGlobalSection
EndGlobal
